
Microsoft Visual Studio Solution File, Format Version 12.00
# Visual Studio Version 17
VisualStudioVersion = 17.10.35122.118
MinimumVisualStudioVersion = 10.0.40219.1
Project("{8BC9CEB8-8B4A-11D0-8D11-00A0C91BC942}") = "GeometryKernel", "GeometryKernel\GeometryKernel.vcxproj", "{1CB34595-E16B-440D-9557-7D7B0E7BD751}"
EndProject
Project("{8BC9CEB8-8B4A-11D0-8D11-00A0C91BC942}") = "GeometryWrapper", "GeometryWrapper\GeometryWrapper.vcxproj", "{913993EC-A568-47B5-9D5E-B59DE1698C9A}"
	ProjectSection(ProjectDependencies) = postProject
		{1CB34595-E16B-440D-9557-7D7B0E7BD751} = {1CB34595-E16B-440D-9557-7D7B0E7BD751}
	EndProjectSection
EndProject
Project("{FAE04EC0-301F-11D3-BF4B-00C04F79EFBC}") = "TubeLaserCAM.UI", "TubeLaserCAM.UI\TubeLaserCAM.UI.csproj", "{2A74CA77-CD39-4B78-B61B-72A648ABCD9A}"
	ProjectSection(ProjectDependencies) = postProject
		{913993EC-A568-47B5-9D5E-B59DE1698C9A} = {913993EC-A568-47B5-9D5E-B59DE1698C9A}
	EndProjectSection
EndProject
Global
	GlobalSection(SolutionConfigurationPlatforms) = preSolution
		Debug|Any CPU = Debug|Any CPU
		Debug|x64 = Debug|x64
		Debug|x86 = Debug|x86
		Release|Any CPU = Release|Any CPU
		Release|x64 = Release|x64
		Release|x86 = Release|x86
	EndGlobalSection
	GlobalSection(ProjectConfigurationPlatforms) = postSolution
		{1CB34595-E16B-440D-9557-7D7B0E7BD751}.Debug|Any CPU.ActiveCfg = Debug|x64
		{1CB34595-E16B-440D-9557-7D7B0E7BD751}.Debug|Any CPU.Build.0 = Debug|x64
		{1CB34595-E16B-440D-9557-7D7B0E7BD751}.Debug|x64.ActiveCfg = Debug|x64
		{1CB34595-E16B-440D-9557-7D7B0E7BD751}.Debug|x64.Build.0 = Debug|x64
		{1CB34595-E16B-440D-9557-7D7B0E7BD751}.Debug|x86.ActiveCfg = Debug|Win32
		{1CB34595-E16B-440D-9557-7D7B0E7BD751}.Debug|x86.Build.0 = Debug|Win32
		{1CB34595-E16B-440D-9557-7D7B0E7BD751}.Release|Any CPU.ActiveCfg = Release|x64
		{1CB34595-E16B-440D-9557-7D7B0E7BD751}.Release|Any CPU.Build.0 = Release|x64
		{1CB34595-E16B-440D-9557-7D7B0E7BD751}.Release|x64.ActiveCfg = Release|x64
		{1CB34595-E16B-440D-9557-7D7B0E7BD751}.Release|x64.Build.0 = Release|x64
		{1CB34595-E16B-440D-9557-7D7B0E7BD751}.Release|x86.ActiveCfg = Release|Win32
		{1CB34595-E16B-440D-9557-7D7B0E7BD751}.Release|x86.Build.0 = Release|Win32
		{913993EC-A568-47B5-9D5E-B59DE1698C9A}.Debug|Any CPU.ActiveCfg = Debug|x64
		{913993EC-A568-47B5-9D5E-B59DE1698C9A}.Debug|Any CPU.Build.0 = Debug|x64
		{913993EC-A568-47B5-9D5E-B59DE1698C9A}.Debug|x64.ActiveCfg = Debug|x64
		{913993EC-A568-47B5-9D5E-B59DE1698C9A}.Debug|x64.Build.0 = Debug|x64
		{913993EC-A568-47B5-9D5E-B59DE1698C9A}.Debug|x86.ActiveCfg = Debug|Win32
		{913993EC-A568-47B5-9D5E-B59DE1698C9A}.Debug|x86.Build.0 = Debug|Win32
		{913993EC-A568-47B5-9D5E-B59DE1698C9A}.Release|Any CPU.ActiveCfg = Release|x64
		{913993EC-A568-47B5-9D5E-B59DE1698C9A}.Release|Any CPU.Build.0 = Release|x64
		{913993EC-A568-47B5-9D5E-B59DE1698C9A}.Release|x64.ActiveCfg = Release|x64
		{913993EC-A568-47B5-9D5E-B59DE1698C9A}.Release|x64.Build.0 = Release|x64
		{913993EC-A568-47B5-9D5E-B59DE1698C9A}.Release|x86.ActiveCfg = Release|Win32
		{913993EC-A568-47B5-9D5E-B59DE1698C9A}.Release|x86.Build.0 = Release|Win32
		{2A74CA77-CD39-4B78-B61B-72A648ABCD9A}.Debug|Any CPU.ActiveCfg = Debug|Any CPU
		{2A74CA77-CD39-4B78-B61B-72A648ABCD9A}.Debug|Any CPU.Build.0 = Debug|Any CPU
		{2A74CA77-CD39-4B78-B61B-72A648ABCD9A}.Debug|x64.ActiveCfg = Debug|Any CPU
		{2A74CA77-CD39-4B78-B61B-72A648ABCD9A}.Debug|x64.Build.0 = Debug|Any CPU
		{2A74CA77-CD39-4B78-B61B-72A648ABCD9A}.Debug|x86.ActiveCfg = Debug|Any CPU
		{2A74CA77-CD39-4B78-B61B-72A648ABCD9A}.Debug|x86.Build.0 = Debug|Any CPU
		{2A74CA77-CD39-4B78-B61B-72A648ABCD9A}.Release|Any CPU.ActiveCfg = Release|Any CPU
		{2A74CA77-CD39-4B78-B61B-72A648ABCD9A}.Release|Any CPU.Build.0 = Release|Any CPU
		{2A74CA77-CD39-4B78-B61B-72A648ABCD9A}.Release|x64.ActiveCfg = Release|Any CPU
		{2A74CA77-CD39-4B78-B61B-72A648ABCD9A}.Release|x64.Build.0 = Release|Any CPU
		{2A74CA77-CD39-4B78-B61B-72A648ABCD9A}.Release|x86.ActiveCfg = Release|Any CPU
		{2A74CA77-CD39-4B78-B61B-72A648ABCD9A}.Release|x86.Build.0 = Release|Any CPU
	EndGlobalSection
	GlobalSection(SolutionProperties) = preSolution
		HideSolutionNode = FALSE
	EndGlobalSection
	GlobalSection(ExtensibilityGlobals) = postSolution
		SolutionGuid = {686F90FB-5983-4EAE-8505-FDFBA81DC8D8}
	EndGlobalSection
EndGlobal
